// !$*UTF8*$!
{
	archiveVersion = 1;
	classes = {
	};
	objectVersion = 50;
	objects = {

/* Begin PBXBuildFile section */
		BEAC64E6211E8E0300BD3BE9 /* AppDelegate.m in Sources */ = {isa = PBXBuildFile; fileRef = BEAC64E5211E8E0300BD3BE9 /* AppDelegate.m */; };
		BEAC64E9211E8E0300BD3BE9 /* ViewController.m in Sources */ = {isa = PBXBuildFile; fileRef = BEAC64E8211E8E0300BD3BE9 /* ViewController.m */; };
		BEAC64EC211E8E0300BD3BE9 /* Main.storyboard in Resources */ = {isa = PBXBuildFile; fileRef = BEAC64EA211E8E0300BD3BE9 /* Main.storyboard */; };
		BEAC64EE211E8E0700BD3BE9 /* Assets.xcassets in Resources */ = {isa = PBXBuildFile; fileRef = BEAC64ED211E8E0700BD3BE9 /* Assets.xcassets */; };
		BEAC64F1211E8E0700BD3BE9 /* LaunchScreen.storyboard in Resources */ = {isa = PBXBuildFile; fileRef = BEAC64EF211E8E0700BD3BE9 /* LaunchScreen.storyboard */; };
		BEAC64F4211E8E0700BD3BE9 /* main.m in Sources */ = {isa = PBXBuildFile; fileRef = BEAC64F3211E8E0700BD3BE9 /* main.m */; };
/* End PBXBuildFile section */

/* Begin PBXFileReference section */
		BEAC64E1211E8E0300BD3BE9 /* LearningObjC.app */ = {isa = PBXFileReference; explicitFileType = wrapper.application; includeInIndex = 0; path = LearningObjC.app; sourceTree = BUILT_PRODUCTS_DIR; };
		BEAC64E4211E8E0300BD3BE9 /* AppDelegate.h */ = {isa = PBXFileReference; lastKnownFileType = sourcecode.c.h; path = AppDelegate.h; sourceTree = "<group>"; };
		BEAC64E5211E8E0300BD3BE9 /* AppDelegate.m */ = {isa = PBXFileReference; lastKnownFileType = sourcecode.c.objc; path = AppDelegate.m; sourceTree = "<group>"; };
		BEAC64E7211E8E0300BD3BE9 /* ViewController.h */ = {isa = PBXFileReference; lastKnownFileType = sourcecode.c.h; path = ViewController.h; sourceTree = "<group>"; };
		BEAC64E8211E8E0300BD3BE9 /* ViewController.m */ = {isa = PBXFileReference; lastKnownFileType = sourcecode.c.objc; path = ViewController.m; sourceTree = "<group>"; };
		BEAC64EB211E8E0300BD3BE9 /* Base */ = {isa = PBXFileReference; lastKnownFileType = file.storyboard; name = Base; path = Base.lproj/Main.storyboard; sourceTree = "<group>"; };
		BEAC64ED211E8E0700BD3BE9 /* Assets.xcassets */ = {isa = PBXFileReference; lastKnownFileType = folder.assetcatalog; path = Assets.xcassets; sourceTree = "<group>"; };
		BEAC64F0211E8E0700BD3BE9 /* Base */ = {isa = PBXFileReference; lastKnownFileType = file.storyboard; name = Base; path = Base.lproj/LaunchScreen.storyboard; sourceTree = "<group>"; };
		BEAC64F2211E8E0700BD3BE9 /* Info.plist */ = {isa = PBXFileReference; lastKnownFileType = text.plist.xml; path = Info.plist; sourceTree = "<group>"; };
		BEAC64F3211E8E0700BD3BE9 /* main.m */ = {isa = PBXFileReference; lastKnownFileType = sourcecode.c.objc; path = main.m; sourceTree = "<group>"; };
/* End PBXFileReference section */

/* Begin PBXFrameworksBuildPhase section */
		BEAC64DE211E8E0300BD3BE9 /* Frameworks */ = {
			isa = PBXFrameworksBuildPhase;
			buildActionMask = 2147483647;
			files = (
			);
			runOnlyForDeploymentPostprocessing = 0;
		};
/* End PBXFrameworksBuildPhase section */

/* Begin PBXGroup section */
		BEAC64D8211E8E0300BD3BE9 = {
			isa = PBXGroup;
			children = (
				BEAC64E3211E8E0300BD3BE9 /* LearningObjC */,
				BEAC64E2211E8E0300BD3BE9 /* Products */,
			);
			sourceTree = "<group>";
		};
		BEAC64E2211E8E0300BD3BE9 /* Products */ = {
			isa = PBXGroup;
			children = (
				BEAC64E1211E8E0300BD3BE9 /* LearningObjC.app */,
			);
			name = Products;
			sourceTree = "<group>";
		};
		BEAC64E3211E8E0300BD3BE9 /* LearningObjC */ = {
			isa = PBXGroup;
			children = (
				BEAC64E4211E8E0300BD3BE9 /* AppDelegate.h */,
				BEAC64E5211E8E0300BD3BE9 /* AppDelegate.m */,
				BEAC64E7211E8E0300BD3BE9 /* ViewController.h */,
				BEAC64E8211E8E0300BD3BE9 /* ViewController.m */,
				BEAC64EA211E8E0300BD3BE9 /* Main.storyboard */,
				BEAC64ED211E8E0700BD3BE9 /* Assets.xcassets */,
				BEAC64EF211E8E0700BD3BE9 /* LaunchScreen.storyboard */,
				BEAC64F2211E8E0700BD3BE9 /* Info.plist */,
				BEAC64F3211E8E0700BD3BE9 /* main.m */,
			);
			path = LearningObjC;
			sourceTree = "<group>";
		};
/* End PBXGroup section */

/* Begin PBXNativeTarget section */
		BEAC64E0211E8E0300BD3BE9 /* LearningObjC */ = {
			isa = PBXNativeTarget;
			buildConfigurationList = BEAC64F7211E8E0700BD3BE9 /* Build configuration list for PBXNativeTarget "LearningObjC" */;
			buildPhases = (
				BEAC64DD211E8E0300BD3BE9 /* Sources */,
				BEAC64DE211E8E0300BD3BE9 /* Frameworks */,
				BEAC64DF211E8E0300BD3BE9 /* Resources */,
			);
			buildRules = (
			);
			dependencies = (
			);
			name = LearningObjC;
			productName = LearningObjC;
			productReference = BEAC64E1211E8E0300BD3BE9 /* LearningObjC.app */;
			productType = "com.apple.product-type.application";
		};
/* End PBXNativeTarget section */

/* Begin PBXProject section */
		BEAC64D9211E8E0300BD3BE9 /* Project object */ = {
			isa = PBXProject;
			attributes = {
				LastUpgradeCheck = 1000;
				ORGANIZATIONNAME = "Junge Wang";
				TargetAttributes = {
					BEAC64E0211E8E0300BD3BE9 = {
						CreatedOnToolsVersion = 10.0;
					};
				};
			};
			buildConfigurationList = BEAC64DC211E8E0300BD3BE9 /* Build configuration list for PBXProject "LearningObjC" */;
			compatibilityVersion = "Xcode 9.3";
			developmentRegion = en;
			hasScannedForEncodings = 0;
			knownRegions = (
				en,
				Base,
			);
			mainGroup = BEAC64D8211E8E0300BD3BE9;
			productRefGroup = BEAC64E2211E8E0300BD3BE9 /* Products */;
			projectDirPath = "";
			projectRoot = "";
			targets = (
				BEAC64E0211E8E0300BD3BE9 /* LearningObjC */,
			);
		};
/* End PBXProject section */

/* Begin PBXResourcesBuildPhase section */
		BEAC64DF211E8E0300BD3BE9 /* Resources */ = {
			isa = PBXResourcesBuildPhase;
			buildActionMask = 2147483647;
			files = (
				BEAC64F1211E8E0700BD3BE9 /* LaunchScreen.storyboard in Resources */,
				BEAC64EE211E8E0700BD3BE9 /* Assets.xcassets in Resources */,
				BEAC64EC211E8E0300BD3BE9 /* Main.storyboard in Resources */,
			);
			runOnlyForDeploymentPostprocessing = 0;
		};
/* End PBXResourcesBuildPhase section */

/* Begin PBXSourcesBuildPhase section */
		BEAC64DD211E8E0300BD3BE9 /* Sources */ = {
			isa = PBXSourcesBuildPhase;
			buildActionMask = 2147483647;
			files = (
				BEAC64E9211E8E0300BD3BE9 /* ViewController.m in Sources */,
				BEAC64F4211E8E0700BD3BE9 /* main.m in Sources */,
				BEAC64E6211E8E0300BD3BE9 /* AppDelegate.m in Sources */,
			);
			runOnlyForDeploymentPostprocessing = 0;
		};
/* End PBXSourcesBuildPhase section */

/* Begin PBXVariantGroup section */
		BEAC64EA211E8E0300BD3BE9 /* Main.storyboard */ = {
			isa = PBXVariantGroup;
			children = (
				BEAC64EB211E8E0300BD3BE9 /* Base */,
			);
			name = Main.storyboard;
			sourceTree = "<group>";
		};
		BEAC64EF211E8E0700BD3BE9 /* LaunchScreen.storyboard */ = {
			isa = PBXVariantGroup;
			children = (
				BEAC64F0211E8E0700BD3BE9 /* Base */,
			);
			name = LaunchScreen.storyboard;
			sourceTree = "<group>";
		};
/* End PBXVariantGroup section */

/* Begin XCBuildConfiguration section */
		BEAC64F5211E8E0700BD3BE9 /* Debug */ = {
			isa = XCBuildConfiguration;
			buildSettings = {
				ALWAYS_SEARCH_USER_PATHS = NO;
				CLANG_ANALYZER_NONNULL = YES;
				CLANG_ANALYZER_NUMBER_OBJECT_CONVERSION = YES_AGGRESSIVE;
				CLANG_CXX_LANGUAGE_STANDARD = "gnu++14";
				CLANG_CXX_LIBRARY = "libc++";
				CLANG_ENABLE_MODULES = YES;
				CLANG_ENABLE_OBJC_ARC = YES;
				CLANG_ENABLE_OBJC_WEAK = YES;
				CLANG_WARN_BLOCK_CAPTURE_AUTORELEASING = YES;
				CLANG_WARN_BOOL_CONVERSION = YES;
				CLANG_WARN_COMMA = YES;
				CLANG_WARN_CONSTANT_CONVERSION = YES;
				CLANG_WARN_DEPRECATED_OBJC_IMPLEMENTATIONS = YES;
				CLANG_WARN_DIRECT_OBJC_ISA_USAGE = YES_ERROR;
				CLANG_WARN_DOCUMENTATION_COMMENTS = YES;
				CLANG_WARN_EMPTY_BODY = YES;
				CLANG_WARN_ENUM_CONVERSION = YES;
				CLANG_WARN_INFINITE_RECURSION = YES;
				CLANG_WARN_INT_CONVERSION = YES;
				CLANG_WARN_NON_LITERAL_NULL_CONVERSION = YES;
				CLANG_WARN_OBJC_IMPLICIT_RETAIN_SELF = YES;
				CLANG_WARN_OBJC_LITERAL_CONVERSION = YES;
				CLANG_WARN_OBJC_ROOT_CLASS = YES_ERROR;
				CLANG_WARN_RANGE_LOOP_ANALYSIS = YES;
				CLANG_WARN_STRICT_PROTOTYPES = YES;
				CLANG_WARN_SUSPICIOUS_MOVE = YES;
				CLANG_WARN_UNGUARDED_AVAILABILITY = YES_AGGRESSIVE;
				CLANG_WARN_UNREACHABLE_CODE = YES;
				CLANG_WARN__DUPLICATE_METHOD_MATCH = YES;
				CODE_SIGN_IDENTITY = "iPhone Developer";
				COPY_PHASE_STRIP = NO;
				DEBUG_INFORMATION_FORMAT = dwarf;
				ENABLE_STRICT_OBJC_MSGSEND = YES;
				ENABLE_TESTABILITY = YES;
				GCC_C_LANGUAGE_STANDARD = gnu11;
				GCC_DYNAMIC_NO_PIC = NO;
				GCC_NO_COMMON_BLOCKS = YES;
				GCC_OPTIMIZATION_LEVEL = 0;
				GCC_PREPROCESSOR_DEFINITIONS = (
					"DEBUG=1",
					"$(inherited)",
				);
				GCC_WARN_64_TO_32_BIT_CONVERSION = YES;
				GCC_WARN_ABOUT_RETURN_TYPE = YES_ERROR;
				GCC_WARN_UNDECLARED_SELECTOR = YES;
				GCC_WARN_UNINITIALIZED_AUTOS = YES_AGGRESSIVE;
				GCC_WARN_UNUSED_FUNCTION = YES;
				GCC_WARN_UNUSED_VARIABLE = YES;
				IPHONEOS_DEPLOYMENT_TARGET = 12.0;
				MTL_ENABLE_DEBUG_INFO = INCLUDE_SOURCE;
				MTL_FAST_MATH = YES;
				ONLY_ACTIVE_ARCH = YES;
				SDKROOT = iphoneos;
			};
			name = Debug;
		};
		BEAC64F6211E8E0700BD3BE9 /* Release */ = {
			isa = XCBuildConfiguration;
			buildSettings = {
				ALWAYS_SEARCH_USER_PATHS = NO;
				CLANG_ANALYZER_NONNULL = YES;
				CLANG_ANALYZER_NUMBER_OBJECT_CONVERSION = YES_AGGRESSIVE;
				CLANG_CXX_LANGUAGE_STANDARD = "gnu++14";
				CLANG_CXX_LIBRARY = "libc++";
				CLANG_ENABLE_MODULES = YES;
				CLANG_ENABLE_OBJC_ARC = YES;
				CLANG_ENABLE_OBJC_WEAK = YES;
				CLANG_WARN_BLOCK_CAPTURE_AUTORELEASING = YES;
				CLANG_WARN_BOOL_CONVERSION = YES;
				CLANG_WARN_COMMA = YES;
				CLANG_WARN_CONSTANT_CONVERSION = YES;
				CLANG_WARN_DEPRECATED_OBJC_IMPLEMENTATIONS = YES;
				CLANG_WARN_DIRECT_OBJC_ISA_USAGE = YES_ERROR;
				CLANG_WARN_DOCUMENTATION_COMMENTS = YES;
				CLANG_WARN_EMPTY_BODY = YES;
				CLANG_WARN_ENUM_CONVERSION = YES;
				CLANG_WARN_INFINITE_RECURSION = YES;
				CLANG_WARN_INT_CONVERSION = YES;
				CLANG_WARN_NON_LITERAL_NULL_CONVERSION = YES;
				CLANG_WARN_OBJC_IMPLICIT_RETAIN_SELF = YES;
				CLANG_WARN_OBJC_LITERAL_CONVERSION = YES;
				CLANG_WARN_OBJC_ROOT_CLASS = YES_ERROR;
				CLANG_WARN_RANGE_LOOP_ANALYSIS = YES;
				CLANG_WARN_STRICT_PROTOTYPES = YES;
				CLANG_WARN_SUSPICIOUS_MOVE = YES;
				CLANG_WARN_UNGUARDED_AVAILABILITY = YES_AGGRESSIVE;
				CLANG_WARN_UNREACHABLE_CODE = YES;
				CLANG_WARN__DUPLICATE_METHOD_MATCH = YES;
				CODE_SIGN_IDENTITY = "iPhone Developer";
				COPY_PHASE_STRIP = NO;
				DEBUG_INFORMATION_FORMAT = "dwarf-with-dsym";
				ENABLE_NS_ASSERTIONS = NO;
				ENABLE_STRICT_OBJC_MSGSEND = YES;
				GCC_C_LANGUAGE_STANDARD = gnu11;
				GCC_NO_COMMON_BLOCKS = YES;
				GCC_WARN_64_TO_32_BIT_CONVERSION = YES;
				GCC_WARN_ABOUT_RETURN_TYPE = YES_ERROR;
				GCC_WARN_UNDECLARED_SELECTOR = YES;
				GCC_WARN_UNINITIALIZED_AUTOS = YES_AGGRESSIVE;
				GCC_WARN_UNUSED_FUNCTION = YES;
				GCC_WARN_UNUSED_VARIABLE = YES;
				IPHONEOS_DEPLOYMENT_TARGET = 12.0;
				MTL_ENABLE_DEBUG_INFO = NO;
				MTL_FAST_MATH = YES;
				SDKROOT = iphoneos;
				VALIDATE_PRODUCT = YES;
			};
			name = Release;
		};
		BEAC64F8211E8E0700BD3BE9 /* Debug */ = {
			isa = XCBuildConfiguration;
			buildSettings = {
				ASSETCATALOG_COMPILER_APPICON_NAME = AppIcon;
				CODE_SIGN_STYLE = Automatic;
				DEVELOPMENT_TEAM = 868YVA8RR8;
				INFOPLIST_FILE = LearningObjC/Info.plist;
				LD_RUNPATH_SEARCH_PATHS = (
					"$(inherited)",
					"@executable_path/Frameworks",
				);
				PRODUCT_BUNDLE_IDENTIFIER = sg.com.nec.LearningObjC;
				PRODUCT_NAME = "$(TARGET_NAME)";
				TARGETED_DEVICE_FAMILY = "1,2";
			};
			name = Debug;
		};
		BEAC64F9211E8E0700BD3BE9 /* Release */ = {
			isa = XCBuildConfiguration;
			buildSettings = {
				ASSETCATALOG_COMPILER_APPICON_NAME = AppIcon;
				CODE_SIGN_STYLE = Automatic;
				DEVELOPMENT_TEAM = 868YVA8RR8;
				INFOPLIST_FILE = LearningObjC/Info.plist;
				LD_RUNPATH_SEARCH_PATHS = (
					"$(inherited)",
					"@executable_path/Frameworks",
				);
				PRODUCT_BUNDLE_IDENTIFIER = sg.com.nec.LearningObjC;
				PRODUCT_NAME = "$(TARGET_NAME)";
				TARGETED_DEVICE_FAMILY = "1,2";
			};
			name = Release;
		};
/* End XCBuildConfiguration section */

/* Begin XCConfigurationList section */
		BEAC64DC211E8E0300BD3BE9 /* Build configuration list for PBXProject "LearningObjC" */ = {
			isa = XCConfigurationList;
			buildConfigurations = (
				BEAC64F5211E8E0700BD3BE9 /* Debug */,
				BEAC64F6211E8E0700BD3BE9 /* Release */,
			);
			defaultConfigurationIsVisible = 0;
			defaultConfigurationName = Release;
		};
		BEAC64F7211E8E0700BD3BE9 /* Build configuration list for PBXNativeTarget "LearningObjC" */ = {
			isa = XCConfigurationList;
			buildConfigurations = (
				BEAC64F8211E8E0700BD3BE9 /* Debug */,
				BEAC64F9211E8E0700BD3BE9 /* Release */,
			);
			defaultConfigurationIsVisible = 0;
			defaultConfigurationName = Release;
		};
/* End XCConfigurationList section */
	};
	rootObject = BEAC64D9211E8E0300BD3BE9 /* Project object */;
}
